
Microsoft Visual Studio Solution File, Format Version 12.00
# Visual Studio Version 16
VisualStudioVersion = 16.0.30320.27
MinimumVisualStudioVersion = 15.0.26124.0
Project("{9A19103F-16F7-4668-BE54-9A1E7A4F7556}") = "SimpleAPI", "SimpleAPI.csproj", "{C653BCFC-4343-4696-B0A5-6DEFC0B497E1}"
EndProject
Global
	GlobalSection(SolutionConfigurationPlatforms) = preSolution
		Debug|Any CPU = Debug|Any CPU
		Release|Any CPU = Release|Any CPU
	EndGlobalSection
	GlobalSection(ProjectConfigurationPlatforms) = postSolution
		{C653BCFC-4343-4696-B0A5-6DEFC0B497E1}.Debug|Any CPU.ActiveCfg = Debug|Any CPU
		{C653BCFC-4343-4696-B0A5-6DEFC0B497E1}.Debug|Any CPU.Build.0 = Debug|Any CPU
		{C653BCFC-4343-4696-B0A5-6DEFC0B497E1}.Release|Any CPU.ActiveCfg = Release|Any CPU
		{C653BCFC-4343-4696-B0A5-6DEFC0B497E1}.Release|Any CPU.Build.0 = Release|Any CPU
	EndGlobalSection
	GlobalSection(SolutionProperties) = preSolution
		HideSolutionNode = FALSE
	EndGlobalSection
	GlobalSection(ExtensibilityGlobals) = postSolution
		SolutionGuid = {259D6BF4-48AF-4A91-8AD8-EEBDE40FDF03}
	EndGlobalSection
EndGlobal
